
Microsoft Visual Studio Solution File, Format Version 12.00
# Visual Studio 15
VisualStudioVersion = 15.0.27004.2006
MinimumVisualStudioVersion = 10.0.40219.1
Project("{FAE04EC0-301F-11D3-BF4B-00C04F79EFBC}") = "Blog.Website", "Blog.Website\Blog.Website.csproj", "{EC94D7CC-C75E-4AF9-BD7D-3161255A1767}"
EndProject
Project("{FAE04EC0-301F-11D3-BF4B-00C04F79EFBC}") = "Blog.Tests", "Blog.Tests\Blog.Tests.csproj", "{8B96E746-7DDB-4E2C-9EB0-A2E45183DA3A}"
EndProject
Global
	GlobalSection(SolutionConfigurationPlatforms) = preSolution
		Debug|Any CPU = Debug|Any CPU
		Release|Any CPU = Release|Any CPU
	EndGlobalSection
	GlobalSection(ProjectConfigurationPlatforms) = postSolution
		{EC94D7CC-C75E-4AF9-BD7D-3161255A1767}.Debug|Any CPU.ActiveCfg = Debug|Any CPU
		{EC94D7CC-C75E-4AF9-BD7D-3161255A1767}.Debug|Any CPU.Build.0 = Debug|Any CPU
		{EC94D7CC-C75E-4AF9-BD7D-3161255A1767}.Release|Any CPU.ActiveCfg = Release|Any CPU
		{EC94D7CC-C75E-4AF9-BD7D-3161255A1767}.Release|Any CPU.Build.0 = Release|Any CPU
		{8B96E746-7DDB-4E2C-9EB0-A2E45183DA3A}.Debug|Any CPU.ActiveCfg = Debug|Any CPU
		{8B96E746-7DDB-4E2C-9EB0-A2E45183DA3A}.Debug|Any CPU.Build.0 = Debug|Any CPU
		{8B96E746-7DDB-4E2C-9EB0-A2E45183DA3A}.Release|Any CPU.ActiveCfg = Release|Any CPU
		{8B96E746-7DDB-4E2C-9EB0-A2E45183DA3A}.Release|Any CPU.Build.0 = Release|Any CPU
	EndGlobalSection
	GlobalSection(SolutionProperties) = preSolution
		HideSolutionNode = FALSE
	EndGlobalSection
	GlobalSection(ExtensibilityGlobals) = postSolution
		SolutionGuid = {8B970147-D3F4-4F46-AB3E-78626157D271}
	EndGlobalSection
EndGlobal
